
Microsoft Visual Studio Solution File, Format Version 12.00
# Visual Studio Version 17
VisualStudioVersion = 17.2.32505.173
MinimumVisualStudioVersion = 10.0.40219.1
Project("{9A19103F-16F7-4668-BE54-9A1E7A4F7556}") = "SimpleSelect", "SimpleSelect\SimpleSelect.csproj", "{70F811BB-3301-44A6-A65C-DA8040A6425C}"
EndProject
Project("{9A19103F-16F7-4668-BE54-9A1E7A4F7556}") = "Select", "Select\Select.csproj", "{B6015D92-8F4B-4776-A37C-E06A15FCAEBA}"
EndProject
Global
	GlobalSection(SolutionConfigurationPlatforms) = preSolution
		Debug|Any CPU = Debug|Any CPU
		Release|Any CPU = Release|Any CPU
	EndGlobalSection
	GlobalSection(ProjectConfigurationPlatforms) = postSolution
		{70F811BB-3301-44A6-A65C-DA8040A6425C}.Debug|Any CPU.ActiveCfg = Debug|Any CPU
		{70F811BB-3301-44A6-A65C-DA8040A6425C}.Debug|Any CPU.Build.0 = Debug|Any CPU
		{70F811BB-3301-44A6-A65C-DA8040A6425C}.Release|Any CPU.ActiveCfg = Release|Any CPU
		{70F811BB-3301-44A6-A65C-DA8040A6425C}.Release|Any CPU.Build.0 = Release|Any CPU
		{B6015D92-8F4B-4776-A37C-E06A15FCAEBA}.Debug|Any CPU.ActiveCfg = Debug|Any CPU
		{B6015D92-8F4B-4776-A37C-E06A15FCAEBA}.Debug|Any CPU.Build.0 = Debug|Any CPU
		{B6015D92-8F4B-4776-A37C-E06A15FCAEBA}.Release|Any CPU.ActiveCfg = Release|Any CPU
		{B6015D92-8F4B-4776-A37C-E06A15FCAEBA}.Release|Any CPU.Build.0 = Release|Any CPU
	EndGlobalSection
	GlobalSection(SolutionProperties) = preSolution
		HideSolutionNode = FALSE
	EndGlobalSection
	GlobalSection(ExtensibilityGlobals) = postSolution
		SolutionGuid = {92D66C75-9CD9-4A90-9F63-62F41DC73484}
	EndGlobalSection
EndGlobal
